# THIS IS AN AUTOGENERATED FILE. DO NOT EDIT THIS FILE DIRECTLY.
# yarn lockfile v1


"@cloudflare/workers-types@^2.0.0":
  version "2.0.0"
  resolved "https://registry.yarnpkg.com/@cloudflare/workers-types/-/workers-types-2.0.0.tgz#c57162155bd83744a0fa83276ffec0ad430f14e4"
  integrity sha512-SFUPQzR5aV2TBLP4Re+xNX5KfAGArcRGA44OLulBDnfblEf3J+6kFvdJAQwFhFpqru3wImwT1cX0wahk6EeWTw==

esbuild@^0.8.42:
  version "0.8.42"
  resolved "https://registry.yarnpkg.com/esbuild/-/esbuild-0.8.42.tgz#26101cf17fe4c4602c7c767e3177cf0c538073ac"
  integrity sha512-zUtj5RMqROCCCH0vV/a7cd8YQg8I0GWBhV3A3PklWRT+oM/YwVbnrtFnITzE1otGdnXplWHWdZ4OcYiV0PN+JQ==
